uuid: 19e9baf0-d2d4-4656-95be-e6317e7b31b5
langcode: en
status: true
dependencies:
  config:
    - field.storage.paragraph.field_block
    - paragraphs.paragraphs_type.dynamic_block
  module:
    - block_field
id: paragraph.dynamic_block.field_block
field_name: field_block
entity_type: paragraph
bundle: dynamic_block
label: Block
description: ''
required: false
translatable: false
default_value: {  }
default_value_callback: ''
settings:
  selection: blocks
  selection_settings:
    plugin_ids:
      user_login_block: user_login_block
      'views_block:business_categories-block_1': 'views_block:business_categories-block_1'
      'views_block:career-block_1': 'views_block:career-block_1'
      'views_block:news-block_1': 'views_block:news-block_1'
      'views_block:news-block_2': 'views_block:news-block_2'
      'views_block:search_page-block_1': 'views_block:search_page-block_1'
      webform_block: webform_block
field_type: block_field
