uuid: 74c5748b-aa76-42c8-a61a-27361ef52f70
langcode: en
status: true
dependencies:
  config:
    - field.storage.paragraph.field_content_block
    - paragraphs.paragraphs_type.simple_content_block
    - paragraphs.paragraphs_type.smpl_cntnt_blk_reptr
  module:
    - entity_reference_revisions
id: paragraph.smpl_cntnt_blk_reptr.field_content_block
field_name: field_content_block
entity_type: paragraph
bundle: smpl_cntnt_blk_reptr
label: 'Content Block'
description: ''
required: false
translatable: false
default_value: {  }
default_value_callback: ''
settings:
  handler: 'default:paragraph'
  handler_settings:
    target_bundles:
      simple_content_block: simple_content_block
    negate: 0
    target_bundles_drag_drop:
      advanced_content_block:
        weight: 11
        enabled: false
      dynamic_block:
        weight: 12
        enabled: false
      image_banner:
        weight: 13
        enabled: false
      level_1_menu:
        weight: 14
        enabled: false
      level_2_menu:
        weight: 15
        enabled: false
      level_3_menu:
        weight: 16
        enabled: false
      repeatable_content_block:
        weight: 17
        enabled: false
      simple_content_block:
        weight: 18
        enabled: true
      smpl_cntnt_blk_reptr:
        weight: 19
        enabled: false
      video_banner:
        weight: 20
        enabled: false
field_type: entity_reference_revisions
