uuid: 0e4ecdb6-e156-4c35-8e75-f7a5df2946df
langcode: en
status: true
dependencies:
  module:
    - paragraphs
id: paragraph.field_hide_this_block
field_name: field_hide_this_block
entity_type: paragraph
type: boolean
settings: {  }
module: core
locked: false
cardinality: 1
translatable: true
indexes: {  }
persist_with_no_fields: false
custom_storage: false
