uuid: db60bf8a-d552-4b93-a494-60d7e7c3f188
langcode: en
status: true
dependencies:
  config:
    - field.storage.paragraph.field_hide_this_block
    - paragraphs.paragraphs_type.repeatable_content_block
id: paragraph.repeatable_content_block.field_hide_this_block
field_name: field_hide_this_block
entity_type: paragraph
bundle: repeatable_content_block
label: 'Hide this block'
description: ''
required: false
translatable: false
default_value: {  }
default_value_callback: ''
settings:
  on_label: 'On'
  off_label: 'Off'
field_type: boolean
