uuid: 779111a8-7da8-42d9-aa2c-244aa39a360d
langcode: en
status: true
dependencies:
  config:
    - field.storage.paragraph.field_hide_this_block
    - paragraphs.paragraphs_type.business_address
id: paragraph.business_address.field_hide_this_block
field_name: field_hide_this_block
entity_type: paragraph
bundle: business_address
label: 'Hide this block'
description: ''
required: false
translatable: false
default_value: {  }
default_value_callback: ''
settings:
  on_label: 'On'
  off_label: 'Off'
field_type: boolean
